
Microsoft Visual Studio Solution File, Format Version 12.00
# Visual Studio Version 17
VisualStudioVersion = 17.4.33213.308
MinimumVisualStudioVersion = 10.0.40219.1
Project("{FAE04EC0-301F-11D3-BF4B-00C04F79EFBC}") = "Novo", "Novo.csproj", "{8EA18B39-B0B2-40BB-BC25-1A8DA9B629E8}"
EndProject
Global
	GlobalSection(SolutionConfigurationPlatforms) = preSolution
		Debug|Any CPU = Debug|Any CPU
		Release|Any CPU = Release|Any CPU
	EndGlobalSection
	GlobalSection(ProjectConfigurationPlatforms) = postSolution
		{8EA18B39-B0B2-40BB-BC25-1A8DA9B629E8}.Debug|Any CPU.ActiveCfg = Debug|Any CPU
		{8EA18B39-B0B2-40BB-BC25-1A8DA9B629E8}.Debug|Any CPU.Build.0 = Debug|Any CPU
		{8EA18B39-B0B2-40BB-BC25-1A8DA9B629E8}.Release|Any CPU.ActiveCfg = Release|Any CPU
		{8EA18B39-B0B2-40BB-BC25-1A8DA9B629E8}.Release|Any CPU.Build.0 = Release|Any CPU
	EndGlobalSection
	GlobalSection(SolutionProperties) = preSolution
		HideSolutionNode = FALSE
	EndGlobalSection
	GlobalSection(ExtensibilityGlobals) = postSolution
		SolutionGuid = {0DF07DA0-18C8-4D64-8C24-06B6AB6C6EB2}
	EndGlobalSection
EndGlobal
